
Microsoft Visual Studio Solution File, Format Version 12.00
# Visual Studio 15
VisualStudioVersion = 15.0.27703.2026
MinimumVisualStudioVersion = 10.0.40219.1
Project("{8BC9CEB8-8B4A-11D0-8D11-00A0C91BC942}") = "lib", "MyLib\lib.vcxproj", "{772B6FDC-4B65-4789-B850-56AA7E923EFC}"
EndProject
Project("{8BC9CEB8-8B4A-11D0-8D11-00A0C91BC942}") = "test", "test\test.vcxproj", "{CB7029A5-5004-46EF-BCB4-9A5700BA9E2C}"
EndProject
Project("{8BC9CEB8-8B4A-11D0-8D11-00A0C91BC942}") = "LIB3D", "LIB3D\LIB3D.vcxproj", "{70C5AB76-F6F6-4481-AE65-63BC81F981E6}"
EndProject
Project("{8BC9CEB8-8B4A-11D0-8D11-00A0C91BC942}") = "Tool", "Tool\Tool.vcxproj", "{8F69803E-7EAF-4ECD-810F-E9D31F54AA12}"
EndProject
Project("{8BC9CEB8-8B4A-11D0-8D11-00A0C91BC942}") = "UIAutomation", "UIAutomation\UIAutomation.vcxproj", "{A1C9C402-D1AE-4768-8347-66324A6D402C}"
EndProject
Project("{8BC9CEB8-8B4A-11D0-8D11-00A0C91BC942}") = "Http", "Http\Http.vcxproj", "{B77EDFC8-F25A-4738-B94D-1735D02CE93C}"
EndProject
Global
	GlobalSection(SolutionConfigurationPlatforms) = preSolution
		Debug|Win32 = Debug|Win32
		Debug|x64 = Debug|x64
		Release|Win32 = Release|Win32
		Release|x64 = Release|x64
	EndGlobalSection
	GlobalSection(ProjectConfigurationPlatforms) = postSolution
		{772B6FDC-4B65-4789-B850-56AA7E923EFC}.Debug|Win32.ActiveCfg = Debug|Win32
		{772B6FDC-4B65-4789-B850-56AA7E923EFC}.Debug|Win32.Build.0 = Debug|Win32
		{772B6FDC-4B65-4789-B850-56AA7E923EFC}.Debug|x64.ActiveCfg = Debug|Win32
		{772B6FDC-4B65-4789-B850-56AA7E923EFC}.Release|Win32.ActiveCfg = Release|Win32
		{772B6FDC-4B65-4789-B850-56AA7E923EFC}.Release|Win32.Build.0 = Release|Win32
		{772B6FDC-4B65-4789-B850-56AA7E923EFC}.Release|x64.ActiveCfg = Release|Win32
		{CB7029A5-5004-46EF-BCB4-9A5700BA9E2C}.Debug|Win32.ActiveCfg = Debug|Win32
		{CB7029A5-5004-46EF-BCB4-9A5700BA9E2C}.Debug|Win32.Build.0 = Debug|Win32
		{CB7029A5-5004-46EF-BCB4-9A5700BA9E2C}.Debug|x64.ActiveCfg = Debug|x64
		{CB7029A5-5004-46EF-BCB4-9A5700BA9E2C}.Debug|x64.Build.0 = Debug|x64
		{CB7029A5-5004-46EF-BCB4-9A5700BA9E2C}.Release|Win32.ActiveCfg = Release|Win32
		{CB7029A5-5004-46EF-BCB4-9A5700BA9E2C}.Release|Win32.Build.0 = Release|Win32
		{CB7029A5-5004-46EF-BCB4-9A5700BA9E2C}.Release|x64.ActiveCfg = Release|x64
		{CB7029A5-5004-46EF-BCB4-9A5700BA9E2C}.Release|x64.Build.0 = Release|x64
		{70C5AB76-F6F6-4481-AE65-63BC81F981E6}.Debug|Win32.ActiveCfg = Debug|Win32
		{70C5AB76-F6F6-4481-AE65-63BC81F981E6}.Debug|Win32.Build.0 = Debug|Win32
		{70C5AB76-F6F6-4481-AE65-63BC81F981E6}.Debug|x64.ActiveCfg = Debug|x64
		{70C5AB76-F6F6-4481-AE65-63BC81F981E6}.Debug|x64.Build.0 = Debug|x64
		{70C5AB76-F6F6-4481-AE65-63BC81F981E6}.Release|Win32.ActiveCfg = Release|Win32
		{70C5AB76-F6F6-4481-AE65-63BC81F981E6}.Release|Win32.Build.0 = Release|Win32
		{70C5AB76-F6F6-4481-AE65-63BC81F981E6}.Release|x64.ActiveCfg = Release|x64
		{70C5AB76-F6F6-4481-AE65-63BC81F981E6}.Release|x64.Build.0 = Release|x64
		{8F69803E-7EAF-4ECD-810F-E9D31F54AA12}.Debug|Win32.ActiveCfg = Debug|Win32
		{8F69803E-7EAF-4ECD-810F-E9D31F54AA12}.Debug|Win32.Build.0 = Debug|Win32
		{8F69803E-7EAF-4ECD-810F-E9D31F54AA12}.Debug|x64.ActiveCfg = Debug|x64
		{8F69803E-7EAF-4ECD-810F-E9D31F54AA12}.Debug|x64.Build.0 = Debug|x64
		{8F69803E-7EAF-4ECD-810F-E9D31F54AA12}.Release|Win32.ActiveCfg = Release|Win32
		{8F69803E-7EAF-4ECD-810F-E9D31F54AA12}.Release|Win32.Build.0 = Release|Win32
		{8F69803E-7EAF-4ECD-810F-E9D31F54AA12}.Release|x64.ActiveCfg = Release|x64
		{8F69803E-7EAF-4ECD-810F-E9D31F54AA12}.Release|x64.Build.0 = Release|x64
		{A1C9C402-D1AE-4768-8347-66324A6D402C}.Debug|Win32.ActiveCfg = Debug|Win32
		{A1C9C402-D1AE-4768-8347-66324A6D402C}.Debug|Win32.Build.0 = Debug|Win32
		{A1C9C402-D1AE-4768-8347-66324A6D402C}.Debug|x64.ActiveCfg = Debug|x64
		{A1C9C402-D1AE-4768-8347-66324A6D402C}.Debug|x64.Build.0 = Debug|x64
		{A1C9C402-D1AE-4768-8347-66324A6D402C}.Release|Win32.ActiveCfg = Release|Win32
		{A1C9C402-D1AE-4768-8347-66324A6D402C}.Release|Win32.Build.0 = Release|Win32
		{A1C9C402-D1AE-4768-8347-66324A6D402C}.Release|x64.ActiveCfg = Release|x64
		{A1C9C402-D1AE-4768-8347-66324A6D402C}.Release|x64.Build.0 = Release|x64
		{B77EDFC8-F25A-4738-B94D-1735D02CE93C}.Debug|Win32.ActiveCfg = Debug|Win32
		{B77EDFC8-F25A-4738-B94D-1735D02CE93C}.Debug|Win32.Build.0 = Debug|Win32
		{B77EDFC8-F25A-4738-B94D-1735D02CE93C}.Debug|x64.ActiveCfg = Debug|x64
		{B77EDFC8-F25A-4738-B94D-1735D02CE93C}.Debug|x64.Build.0 = Debug|x64
		{B77EDFC8-F25A-4738-B94D-1735D02CE93C}.Release|Win32.ActiveCfg = Release|Win32
		{B77EDFC8-F25A-4738-B94D-1735D02CE93C}.Release|Win32.Build.0 = Release|Win32
		{B77EDFC8-F25A-4738-B94D-1735D02CE93C}.Release|x64.ActiveCfg = Release|x64
		{B77EDFC8-F25A-4738-B94D-1735D02CE93C}.Release|x64.Build.0 = Release|x64
	EndGlobalSection
	GlobalSection(SolutionProperties) = preSolution
		HideSolutionNode = FALSE
	EndGlobalSection
	GlobalSection(ExtensibilityGlobals) = postSolution
		SolutionGuid = {0669E23A-1121-46D0-94D7-B9CA4D626DAC}
	EndGlobalSection
EndGlobal
